
Microsoft Visual Studio Solution File, Format Version 11.00
# Visual Studio 2010
Project("{FAE04EC0-301F-11D3-BF4B-00C04F79EFBC}") = "FF_Tactic", "Assembly-CSharp.csproj", "{CED4E19F-683B-047A-EC47-B2B70C7F13AD}"
EndProject
Project("{89FA3742-CF15-BE26-402C-77EAF08A3350}") = "FF_Tactic", "Assembly-UnityScript.unityproj", "{A1FD5277-A150-24CB-A875-6A404C2694E8}"
EndProject
Project("{FAE04EC0-301F-11D3-BF4B-00C04F79EFBC}") = "FF_Tactic", "Assembly-CSharp-Editor.csproj", "{6BF09740-99B4-3D15-5C6B-7EF96329D2A4}"
EndProject
Global
	GlobalSection(SolutionConfigurationPlatforms) = preSolution
		Debug|Any CPU = Debug|Any CPU
		Release|Any CPU = Release|Any CPU
	EndGlobalSection
	GlobalSection(ProjectConfigurationPlatforms) = postSolution
		{CED4E19F-683B-047A-EC47-B2B70C7F13AD}.Debug|Any CPU.ActiveCfg = Debug|Any CPU
		{CED4E19F-683B-047A-EC47-B2B70C7F13AD}.Debug|Any CPU.Build.0 = Debug|Any CPU
		{CED4E19F-683B-047A-EC47-B2B70C7F13AD}.Release|Any CPU.ActiveCfg = Release|Any CPU
		{CED4E19F-683B-047A-EC47-B2B70C7F13AD}.Release|Any CPU.Build.0 = Release|Any CPU
		{A1FD5277-A150-24CB-A875-6A404C2694E8}.Debug|Any CPU.ActiveCfg = Debug|Any CPU
		{A1FD5277-A150-24CB-A875-6A404C2694E8}.Debug|Any CPU.Build.0 = Debug|Any CPU
		{A1FD5277-A150-24CB-A875-6A404C2694E8}.Release|Any CPU.ActiveCfg = Release|Any CPU
		{A1FD5277-A150-24CB-A875-6A404C2694E8}.Release|Any CPU.Build.0 = Release|Any CPU
		{6BF09740-99B4-3D15-5C6B-7EF96329D2A4}.Debug|Any CPU.ActiveCfg = Debug|Any CPU
		{6BF09740-99B4-3D15-5C6B-7EF96329D2A4}.Debug|Any CPU.Build.0 = Debug|Any CPU
		{6BF09740-99B4-3D15-5C6B-7EF96329D2A4}.Release|Any CPU.ActiveCfg = Release|Any CPU
		{6BF09740-99B4-3D15-5C6B-7EF96329D2A4}.Release|Any CPU.Build.0 = Release|Any CPU
	EndGlobalSection
	GlobalSection(SolutionProperties) = preSolution
		HideSolutionNode = FALSE
	EndGlobalSection
	GlobalSection(MonoDevelopProperties) = preSolution
		StartupItem = Assembly-CSharp.csproj
	EndGlobalSection
EndGlobal
